
Microsoft Visual Studio Solution File, Format Version 12.00
# Visual Studio Version 16
VisualStudioVersion = 16.0.32802.440
MinimumVisualStudioVersion = 10.0.40219.1
Project("{FAE04EC0-301F-11D3-BF4B-00C04F79EFBC}") = "MatchScoreUpdater", "MatchScoreUpdater\MatchScoreUpdater.csproj", "{4E12ACE6-FF57-4695-B3D8-A6C3E64AEAD6}"
EndProject
Global
	GlobalSection(SolutionConfigurationPlatforms) = preSolution
		Debug|Any CPU = Debug|Any CPU
		Release|Any CPU = Release|Any CPU
	EndGlobalSection
	GlobalSection(ProjectConfigurationPlatforms) = postSolution
		{4E12ACE6-FF57-4695-B3D8-A6C3E64AEAD6}.Debug|Any CPU.ActiveCfg = Debug|Any CPU
		{4E12ACE6-FF57-4695-B3D8-A6C3E64AEAD6}.Debug|Any CPU.Build.0 = Debug|Any CPU
		{4E12ACE6-FF57-4695-B3D8-A6C3E64AEAD6}.Release|Any CPU.ActiveCfg = Release|Any CPU
		{4E12ACE6-FF57-4695-B3D8-A6C3E64AEAD6}.Release|Any CPU.Build.0 = Release|Any CPU
	EndGlobalSection
	GlobalSection(SolutionProperties) = preSolution
		HideSolutionNode = FALSE
	EndGlobalSection
	GlobalSection(ExtensibilityGlobals) = postSolution
		SolutionGuid = {57386784-B83B-417C-8C67-F1B3B55415ED}
	EndGlobalSection
EndGlobal
